
Microsoft Visual Studio Solution File, Format Version 12.00
# Visual Studio 15
VisualStudioVersion = 15.0.27004.2006
MinimumVisualStudioVersion = 10.0.40219.1
Project("{FAE04EC0-301F-11D3-BF4B-00C04F79EFBC}") = "Dentist", "Dentist\Dentist.csproj", "{6EA7261F-08B5-4B16-8975-868A190206B3}"
EndProject
Project("{FAE04EC0-301F-11D3-BF4B-00C04F79EFBC}") = "Dentist.Data", "Dentist.Data\Dentist.Data.csproj", "{F48FEF78-9B09-4A42-AEBC-70C9300F5262}"
EndProject
Project("{2150E333-8FDC-42A3-9474-1A3956D46DE8}") = "Data", "Data", "{EC641FE9-6B41-40E7-A5E5-4DCEBE347FB4}"
EndProject
Project("{FAE04EC0-301F-11D3-BF4B-00C04F79EFBC}") = "Dentist.DataServices", "Dentist.DataServices\Dentist.DataServices.csproj", "{63C4F35F-6A39-4C71-A993-4BC2435183F6}"
EndProject
Global
	GlobalSection(SolutionConfigurationPlatforms) = preSolution
		Debug|Any CPU = Debug|Any CPU
		Release|Any CPU = Release|Any CPU
	EndGlobalSection
	GlobalSection(ProjectConfigurationPlatforms) = postSolution
		{6EA7261F-08B5-4B16-8975-868A190206B3}.Debug|Any CPU.ActiveCfg = Debug|Any CPU
		{6EA7261F-08B5-4B16-8975-868A190206B3}.Debug|Any CPU.Build.0 = Debug|Any CPU
		{6EA7261F-08B5-4B16-8975-868A190206B3}.Release|Any CPU.ActiveCfg = Release|Any CPU
		{6EA7261F-08B5-4B16-8975-868A190206B3}.Release|Any CPU.Build.0 = Release|Any CPU
		{F48FEF78-9B09-4A42-AEBC-70C9300F5262}.Debug|Any CPU.ActiveCfg = Debug|Any CPU
		{F48FEF78-9B09-4A42-AEBC-70C9300F5262}.Debug|Any CPU.Build.0 = Debug|Any CPU
		{F48FEF78-9B09-4A42-AEBC-70C9300F5262}.Release|Any CPU.ActiveCfg = Release|Any CPU
		{F48FEF78-9B09-4A42-AEBC-70C9300F5262}.Release|Any CPU.Build.0 = Release|Any CPU
		{63C4F35F-6A39-4C71-A993-4BC2435183F6}.Debug|Any CPU.ActiveCfg = Debug|Any CPU
		{63C4F35F-6A39-4C71-A993-4BC2435183F6}.Debug|Any CPU.Build.0 = Debug|Any CPU
		{63C4F35F-6A39-4C71-A993-4BC2435183F6}.Release|Any CPU.ActiveCfg = Release|Any CPU
		{63C4F35F-6A39-4C71-A993-4BC2435183F6}.Release|Any CPU.Build.0 = Release|Any CPU
	EndGlobalSection
	GlobalSection(SolutionProperties) = preSolution
		HideSolutionNode = FALSE
	EndGlobalSection
	GlobalSection(NestedProjects) = preSolution
		{F48FEF78-9B09-4A42-AEBC-70C9300F5262} = {EC641FE9-6B41-40E7-A5E5-4DCEBE347FB4}
		{63C4F35F-6A39-4C71-A993-4BC2435183F6} = {EC641FE9-6B41-40E7-A5E5-4DCEBE347FB4}
	EndGlobalSection
	GlobalSection(ExtensibilityGlobals) = postSolution
		SolutionGuid = {496AC287-5244-4EEF-9B70-BD8F7CFD86A1}
	EndGlobalSection
EndGlobal
